
Microsoft Visual Studio Solution File, Format Version 12.00
Project("{FAE04EC0-301F-11D3-BF4B-00C04F79EFBC}") = "Insight.Localizer", "src\Insight.Localizer\Insight.Localizer.csproj", "{192A4E10-2498-409B-A537-F27150C31C1C}"
EndProject
Project("{FAE04EC0-301F-11D3-BF4B-00C04F79EFBC}") = "Insight.Localizer.Tests", "tests\Insight.Localizer.Tests\Insight.Localizer.Tests.csproj", "{C8EDC5BA-AA36-44C6-A4D5-E45695EF5867}"
EndProject
Global
	GlobalSection(SolutionConfigurationPlatforms) = preSolution
		Debug|Any CPU = Debug|Any CPU
		Release|Any CPU = Release|Any CPU
	EndGlobalSection
	GlobalSection(ProjectConfigurationPlatforms) = postSolution
		{192A4E10-2498-409B-A537-F27150C31C1C}.Debug|Any CPU.ActiveCfg = Debug|Any CPU
		{192A4E10-2498-409B-A537-F27150C31C1C}.Debug|Any CPU.Build.0 = Debug|Any CPU
		{192A4E10-2498-409B-A537-F27150C31C1C}.Release|Any CPU.ActiveCfg = Release|Any CPU
		{192A4E10-2498-409B-A537-F27150C31C1C}.Release|Any CPU.Build.0 = Release|Any CPU
		{C8EDC5BA-AA36-44C6-A4D5-E45695EF5867}.Debug|Any CPU.ActiveCfg = Debug|Any CPU
		{C8EDC5BA-AA36-44C6-A4D5-E45695EF5867}.Debug|Any CPU.Build.0 = Debug|Any CPU
		{C8EDC5BA-AA36-44C6-A4D5-E45695EF5867}.Release|Any CPU.ActiveCfg = Release|Any CPU
		{C8EDC5BA-AA36-44C6-A4D5-E45695EF5867}.Release|Any CPU.Build.0 = Release|Any CPU
	EndGlobalSection
EndGlobal
